{
  "nodes": {
    "flake-parts": {
      "inputs": {
        "nixpkgs-lib": [
          "nur",
          "nixpkgs"
        ]
      },
      "locked": {
        "lastModified": 1733312601,
        "narHash": "sha256-4pDvzqnegAfRkPwO3wmwBhVi/Sye1mzps0zHWYnP88c=",
        "owner": "hercules-ci",
        "repo": "flake-parts",
        "rev": "205b12d8b7cd4802fbcb8e8ef6a0f1408781a4f9",
        "type": "github"
      },
      "original": {
        "owner": "hercules-ci",
        "repo": "flake-parts",
        "type": "github"
      }
    },
    "home-manager": {
      "inputs": {
        "nixpkgs": [
          "nixpkgs"
        ]
      },
      "locked": {
        "lastModified": 1790996401,
        "narHash": "sha256-f+kOxEmOUnQazVAmGg0i8hzwgd1kX/geY+k/Dpheye8=",
        "owner": "nix-community",
        "repo": "home-manager",
        "rev": "db7d5e2332710f5abb088f6b5de927d7f9511b35",
        "type": "github"
      },
      "original": {
        "owner": "nix-community",
        "ref": "release-26.05",
        "repo": "home-manager",
        "type": "github"
      }
    },
    "keyboard-app": {
      "inputs": {
        "nixpkgs": [
          "nixpkgs"
        ]
      },
      "locked": {
        "lastModified": 1791634659,
        "narHash": "sha256-5AHA+Z4p6bmYXgyVO+IzFGsg61TKHw8QiK+CcG34Zfk=",
        "owner": "occamist",
        "repo": "keyboard-app",
        "rev": "0b81a09bcfa7690dc2817c2bd9eb213324ea04df",
        "type": "github"
      },
      "original": {
        "owner": "occamist",
        "repo": "keyboard-app",
        "type": "github"
      }
    },
    "nixpkgs": {
      "locked": {
        "lastModified": 1791426274,
        "narHash": "sha256-MWhktfFtFE8Jl7bf9Pkp7TR5MSdYCjCswSo0Gkb4ywc=",
        "owner": "NixOS",
        "repo": "nixpkgs",
        "rev": "7c8764b7c7b09b34f632464276218ef9090eaa11",
        "type": "github"
      },
      "original": {
        "owner": "NixOS",
        "ref": "nixos-26.05",
        "repo": "nixpkgs",
        "type": "github"
      }
    },
    "nixpkgs-latest": {
      "locked": {
        "lastModified": 1791456040,
        "narHash": "sha256-H83yz/do+hjOO0uujHyH8RgtIQP2v7Mw+cLwcZK/xKc=",
        "owner": "NixOS",
        "repo": "nixpkgs",
        "rev": "e7439b6b14ad3cc35d05608ebca9bce01a25f5f8",
        "type": "github"
      },
      "original": {
        "owner": "NixOS",
        "ref": "nixos-unstable",
        "repo": "nixpkgs",
        "type": "github"
      }
    },
    "nur": {
      "inputs": {
        "flake-parts": "flake-parts",
        "nixpkgs": [
          "nixpkgs"
        ]
      },
      "locked": {
        "lastModified": 1791628781,
        "narHash": "sha256-e/u2Zwoh6MjTjk7kZF9TyFOxLxaWXNm0Teu5FSIgpGo=",
        "owner": "nix-community",
        "repo": "NUR",
        "rev": "8f5211face6922ce118de057c487cbdb708c59c4",
        "type": "github"
      },
      "original": {
        "owner": "nix-community",
        "repo": "NUR",
        "type": "github"
      }
    },
    "root": {
      "inputs": {
        "home-manager": "home-manager",
        "keyboard-app": "keyboard-app",
        "nixpkgs": "nixpkgs",
        "nixpkgs-latest": "nixpkgs-latest",
        "nur": "nur",
        "tori-src": "tori-src"
      }
    },
    "tori-src": {
      "flake": false,
      "locked": {
        "lastModified": 1706663522,
        "narHash": "sha256-TR+DU29EGvZZSlS2p+jLmpCWe3SOHJn0t/urDV1Uckc=",
        "owner": "LeoRiether",
        "repo": "tori",
        "rev": "0c27b324846ca4bf6a783968257897d31fb0e9dc",
        "type": "github"
      },
      "original": {
        "owner": "LeoRiether",
        "ref": "v0.2.6",
        "repo": "tori",
        "type": "github"
      }
    }
  },
  "root": "root",
  "version": 7
}
