{
  "nodes": {
    "flake-parts": {
      "inputs": {
        "nixpkgs-lib": [
          "nur",
          "nixpkgs"
        ]
      },
      "locked": {
        "lastModified": 1733312601,
        "narHash": "sha256-4pDvzqnegAfRkPwO3wmwBhVi/Sye1mzps0zHWYnP88c=",
        "owner": "hercules-ci",
        "repo": "flake-parts",
        "rev": "205b12d8b7cd4802fbcb8e8ef6a0f1408781a4f9",
        "type": "github"
      },
      "original": {
        "owner": "hercules-ci",
        "repo": "flake-parts",
        "type": "github"
      }
    },
    "home-manager": {
      "inputs": {
        "nixpkgs": [
          "nixpkgs"
        ]
      },
      "locked": {
        "lastModified": 1790996401,
        "narHash": "sha256-f+kOxEmOUnQazVAmGg0i8hzwgd1kX/geY+k/Dpheye8=",
        "owner": "nix-community",
        "repo": "home-manager",
        "rev": "db7d5e2332710f5abb088f6b5de927d7f9511b35",
        "type": "github"
      },
      "original": {
        "owner": "nix-community",
        "ref": "release-26.05",
        "repo": "home-manager",
        "type": "github"
      }
    },
    "keyboard-app": {
      "inputs": {
        "nixpkgs": [
          "nixpkgs"
        ]
      },
      "locked": {
        "lastModified": 1787535763,
        "narHash": "sha256-RGs6YgkToyvJvF6FLvjOnpBU5WDjkw/94QUs+b0fpmo=",
        "owner": "occamist",
        "repo": "keyboard-app",
        "rev": "58fd92f528baba16ecd21c0a7d8d44ab66e10ebb",
        "type": "github"
      },
      "original": {
        "owner": "occamist",
        "repo": "keyboard-app",
        "type": "github"
      }
    },
    "nixpkgs": {
      "locked": {
        "lastModified": 1790920529,
        "narHash": "sha256-nQyFkMR78WP6PiXKkDW2SjqzLf/spQqjRuxRGSbcV8k=",
        "owner": "NixOS",
        "repo": "nixpkgs",
        "rev": "774debe7a0d1b496e35677ad955a1011c6ff74f3",
        "type": "github"
      },
      "original": {
        "owner": "NixOS",
        "ref": "nixos-26.05",
        "repo": "nixpkgs",
        "type": "github"
      }
    },
    "nixpkgs-latest": {
      "locked": {
        "lastModified": 1790822859,
        "narHash": "sha256-69xHQhAeMAD2wDXO7T2pcOZIF9Sga2W+JkmY2a11Ops=",
        "owner": "NixOS",
        "repo": "nixpkgs",
        "rev": "c59305bab2065cfecc4944690d9eedbb56f3a9fa",
        "type": "github"
      },
      "original": {
        "owner": "NixOS",
        "ref": "nixos-unstable",
        "repo": "nixpkgs",
        "type": "github"
      }
    },
    "nur": {
      "inputs": {
        "flake-parts": "flake-parts",
        "nixpkgs": [
          "nixpkgs"
        ]
      },
      "locked": {
        "lastModified": 1791039905,
        "narHash": "sha256-5ypsl4wu3exZk6GrWJEhWXFF9atkZ4+POoIL7652ocI=",
        "owner": "nix-community",
        "repo": "NUR",
        "rev": "4257e4f7eb032a5c8facd68bbd59645f0fbb24d4",
        "type": "github"
      },
      "original": {
        "owner": "nix-community",
        "repo": "NUR",
        "type": "github"
      }
    },
    "root": {
      "inputs": {
        "home-manager": "home-manager",
        "keyboard-app": "keyboard-app",
        "nixpkgs": "nixpkgs",
        "nixpkgs-latest": "nixpkgs-latest",
        "nur": "nur",
        "tori-src": "tori-src"
      }
    },
    "tori-src": {
      "flake": false,
      "locked": {
        "lastModified": 1706663522,
        "narHash": "sha256-TR+DU29EGvZZSlS2p+jLmpCWe3SOHJn0t/urDV1Uckc=",
        "owner": "LeoRiether",
        "repo": "tori",
        "rev": "0c27b324846ca4bf6a783968257897d31fb0e9dc",
        "type": "github"
      },
      "original": {
        "owner": "LeoRiether",
        "ref": "v0.2.6",
        "repo": "tori",
        "type": "github"
      }
    }
  },
  "root": "root",
  "version": 7
}
